// !$*UTF8*$!
{
	archiveVersion = 1;
	classes = {
	};
	objectVersion = 46;
	objects = {

/* Begin PBXBuildFile section */
		8350D0101CE4153A0087B1C5 /* AppDelegate.swift in Sources */ = {isa = PBXBuildFile; fileRef = 8350D00F1CE4153A0087B1C5 /* AppDelegate.swift */; };
		8350D0121CE4153A0087B1C5 /* RecordedViewController.swift in Sources */ = {isa = PBXBuildFile; fileRef = 8350D0111CE4153A0087B1C5 /* RecordedViewController.swift */; };
		8350D0141CE4153A0087B1C5 /* ReservedViewController.swift in Sources */ = {isa = PBXBuildFile; fileRef = 8350D0131CE4153A0087B1C5 /* ReservedViewController.swift */; };
		8350D0171CE4153A0087B1C5 /* Main.storyboard in Resources */ = {isa = PBXBuildFile; fileRef = 8350D0151CE4153A0087B1C5 /* Main.storyboard */; };
		8350D0191CE4153A0087B1C5 /* Assets.xcassets in Resources */ = {isa = PBXBuildFile; fileRef = 8350D0181CE4153A0087B1C5 /* Assets.xcassets */; };
		8350D01C1CE4153A0087B1C5 /* LaunchScreen.storyboard in Resources */ = {isa = PBXBuildFile; fileRef = 8350D01A1CE4153A0087B1C5 /* LaunchScreen.storyboard */; };
		8350D0271CE4153A0087B1C5 /* ChinachuViewerTests.swift in Sources */ = {isa = PBXBuildFile; fileRef = 8350D0261CE4153A0087B1C5 /* ChinachuViewerTests.swift */; };
		8350D0321CE4153A0087B1C5 /* ChinachuViewerUITests.swift in Sources */ = {isa = PBXBuildFile; fileRef = 8350D0311CE4153A0087B1C5 /* ChinachuViewerUITests.swift */; };
		8377485C1CE95993007BC92F /* RecordedSession.swift in Sources */ = {isa = PBXBuildFile; fileRef = 8377485B1CE95993007BC92F /* RecordedSession.swift */; };
		837F8E521CEEA56B00548472 /* RecordedDetailViewController.swift in Sources */ = {isa = PBXBuildFile; fileRef = 837F8E511CEEA56B00548472 /* RecordedDetailViewController.swift */; };
		83A04BA01CE9E15700C79BE7 /* Recorded.swift in Sources */ = {isa = PBXBuildFile; fileRef = 83A04B9F1CE9E15700C79BE7 /* Recorded.swift */; };
		83B703E01CEBFA800015FE41 /* RecordedManager.swift in Sources */ = {isa = PBXBuildFile; fileRef = 83B703DF1CEBFA800015FE41 /* RecordedManager.swift */; };
		83E26C1F1CE56BCC00C9FBED /* Alamofire.framework in Frameworks */ = {isa = PBXBuildFile; fileRef = 83E26C1E1CE56BCC00C9FBED /* Alamofire.framework */; };
/* End PBXBuildFile section */

/* Begin PBXContainerItemProxy section */
		8350D0231CE4153A0087B1C5 /* PBXContainerItemProxy */ = {
			isa = PBXContainerItemProxy;
			containerPortal = 8350D0041CE4153A0087B1C5 /* Project object */;
			proxyType = 1;
			remoteGlobalIDString = 8350D00B1CE4153A0087B1C5;
			remoteInfo = ChinachuViewer;
		};
		8350D02E1CE4153A0087B1C5 /* PBXContainerItemProxy */ = {
			isa = PBXContainerItemProxy;
			containerPortal = 8350D0041CE4153A0087B1C5 /* Project object */;
			proxyType = 1;
			remoteGlobalIDString = 8350D00B1CE4153A0087B1C5;
			remoteInfo = ChinachuViewer;
		};
/* End PBXContainerItemProxy section */

/* Begin PBXFileReference section */
		8350D00C1CE4153A0087B1C5 /* ChinachuViewer.app */ = {isa = PBXFileReference; explicitFileType = wrapper.application; includeInIndex = 0; path = ChinachuViewer.app; sourceTree = BUILT_PRODUCTS_DIR; };
		8350D00F1CE4153A0087B1C5 /* AppDelegate.swift */ = {isa = PBXFileReference; lastKnownFileType = sourcecode.swift; path = AppDelegate.swift; sourceTree = "<group>"; };
		8350D0111CE4153A0087B1C5 /* RecordedViewController.swift */ = {isa = PBXFileReference; lastKnownFileType = sourcecode.swift; path = RecordedViewController.swift; sourceTree = "<group>"; };
		8350D0131CE4153A0087B1C5 /* ReservedViewController.swift */ = {isa = PBXFileReference; lastKnownFileType = sourcecode.swift; path = ReservedViewController.swift; sourceTree = "<group>"; };
		8350D0161CE4153A0087B1C5 /* Base */ = {isa = PBXFileReference; lastKnownFileType = file.storyboard; name = Base; path = Base.lproj/Main.storyboard; sourceTree = "<group>"; };
		8350D0181CE4153A0087B1C5 /* Assets.xcassets */ = {isa = PBXFileReference; lastKnownFileType = folder.assetcatalog; path = Assets.xcassets; sourceTree = "<group>"; };
		8350D01B1CE4153A0087B1C5 /* Base */ = {isa = PBXFileReference; lastKnownFileType = file.storyboard; name = Base; path = Base.lproj/LaunchScreen.storyboard; sourceTree = "<group>"; };
		8350D01D1CE4153A0087B1C5 /* Info.plist */ = {isa = PBXFileReference; lastKnownFileType = text.plist.xml; path = Info.plist; sourceTree = "<group>"; };
		8350D0221CE4153A0087B1C5 /* ChinachuViewerTests.xctest */ = {isa = PBXFileReference; explicitFileType = wrapper.cfbundle; includeInIndex = 0; path = ChinachuViewerTests.xctest; sourceTree = BUILT_PRODUCTS_DIR; };
		8350D0261CE4153A0087B1C5 /* ChinachuViewerTests.swift */ = {isa = PBXFileReference; lastKnownFileType = sourcecode.swift; path = ChinachuViewerTests.swift; sourceTree = "<group>"; };
		8350D0281CE4153A0087B1C5 /* Info.plist */ = {isa = PBXFileReference; lastKnownFileType = text.plist.xml; path = Info.plist; sourceTree = "<group>"; };
		8350D02D1CE4153A0087B1C5 /* ChinachuViewerUITests.xctest */ = {isa = PBXFileReference; explicitFileType = wrapper.cfbundle; includeInIndex = 0; path = ChinachuViewerUITests.xctest; sourceTree = BUILT_PRODUCTS_DIR; };
		8350D0311CE4153A0087B1C5 /* ChinachuViewerUITests.swift */ = {isa = PBXFileReference; lastKnownFileType = sourcecode.swift; path = ChinachuViewerUITests.swift; sourceTree = "<group>"; };
		8350D0331CE4153A0087B1C5 /* Info.plist */ = {isa = PBXFileReference; lastKnownFileType = text.plist.xml; path = Info.plist; sourceTree = "<group>"; };
		8377485B1CE95993007BC92F /* RecordedSession.swift */ = {isa = PBXFileReference; fileEncoding = 4; lastKnownFileType = sourcecode.swift; path = RecordedSession.swift; sourceTree = "<group>"; };
		837F8E511CEEA56B00548472 /* RecordedDetailViewController.swift */ = {isa = PBXFileReference; fileEncoding = 4; lastKnownFileType = sourcecode.swift; path = RecordedDetailViewController.swift; sourceTree = "<group>"; };
		83A04B9F1CE9E15700C79BE7 /* Recorded.swift */ = {isa = PBXFileReference; fileEncoding = 4; lastKnownFileType = sourcecode.swift; path = Recorded.swift; sourceTree = "<group>"; };
		83B703DF1CEBFA800015FE41 /* RecordedManager.swift */ = {isa = PBXFileReference; fileEncoding = 4; lastKnownFileType = sourcecode.swift; path = RecordedManager.swift; sourceTree = "<group>"; };
		83E26C1E1CE56BCC00C9FBED /* Alamofire.framework */ = {isa = PBXFileReference; lastKnownFileType = wrapper.framework; name = Alamofire.framework; path = Carthage/Build/iOS/Alamofire.framework; sourceTree = "<group>"; };
/* End PBXFileReference section */

/* Begin PBXFrameworksBuildPhase section */
		8350D0091CE4153A0087B1C5 /* Frameworks */ = {
			isa = PBXFrameworksBuildPhase;
			buildActionMask = 2147483647;
			files = (
				83E26C1F1CE56BCC00C9FBED /* Alamofire.framework in Frameworks */,
			);
			runOnlyForDeploymentPostprocessing = 0;
		};
		8350D01F1CE4153A0087B1C5 /* Frameworks */ = {
			isa = PBXFrameworksBuildPhase;
			buildActionMask = 2147483647;
			files = (
			);
			runOnlyForDeploymentPostprocessing = 0;
		};
		8350D02A1CE4153A0087B1C5 /* Frameworks */ = {
			isa = PBXFrameworksBuildPhase;
			buildActionMask = 2147483647;
			files = (
			);
			runOnlyForDeploymentPostprocessing = 0;
		};
/* End PBXFrameworksBuildPhase section */

/* Begin PBXGroup section */
		8350D0031CE4153A0087B1C5 = {
			isa = PBXGroup;
			children = (
				83E26C1E1CE56BCC00C9FBED /* Alamofire.framework */,
				8350D00E1CE4153A0087B1C5 /* ChinachuViewer */,
				8350D0251CE4153A0087B1C5 /* ChinachuViewerTests */,
				8350D0301CE4153A0087B1C5 /* ChinachuViewerUITests */,
				8350D00D1CE4153A0087B1C5 /* Products */,
			);
			sourceTree = "<group>";
		};
		8350D00D1CE4153A0087B1C5 /* Products */ = {
			isa = PBXGroup;
			children = (
				8350D00C1CE4153A0087B1C5 /* ChinachuViewer.app */,
				8350D0221CE4153A0087B1C5 /* ChinachuViewerTests.xctest */,
				8350D02D1CE4153A0087B1C5 /* ChinachuViewerUITests.xctest */,
			);
			name = Products;
			sourceTree = "<group>";
		};
		8350D00E1CE4153A0087B1C5 /* ChinachuViewer */ = {
			isa = PBXGroup;
			children = (
				8350D00F1CE4153A0087B1C5 /* AppDelegate.swift */,
				8350D0111CE4153A0087B1C5 /* RecordedViewController.swift */,
				8350D0131CE4153A0087B1C5 /* ReservedViewController.swift */,
				8350D0151CE4153A0087B1C5 /* Main.storyboard */,
				8350D0181CE4153A0087B1C5 /* Assets.xcassets */,
				8350D01A1CE4153A0087B1C5 /* LaunchScreen.storyboard */,
				8350D01D1CE4153A0087B1C5 /* Info.plist */,
				8377485B1CE95993007BC92F /* RecordedSession.swift */,
				83A04B9F1CE9E15700C79BE7 /* Recorded.swift */,
				83B703DF1CEBFA800015FE41 /* RecordedManager.swift */,
				837F8E511CEEA56B00548472 /* RecordedDetailViewController.swift */,
			);
			path = ChinachuViewer;
			sourceTree = "<group>";
		};
		8350D0251CE4153A0087B1C5 /* ChinachuViewerTests */ = {
			isa = PBXGroup;
			children = (
				8350D0261CE4153A0087B1C5 /* ChinachuViewerTests.swift */,
				8350D0281CE4153A0087B1C5 /* Info.plist */,
			);
			path = ChinachuViewerTests;
			sourceTree = "<group>";
		};
		8350D0301CE4153A0087B1C5 /* ChinachuViewerUITests */ = {
			isa = PBXGroup;
			children = (
				8350D0311CE4153A0087B1C5 /* ChinachuViewerUITests.swift */,
				8350D0331CE4153A0087B1C5 /* Info.plist */,
			);
			path = ChinachuViewerUITests;
			sourceTree = "<group>";
		};
/* End PBXGroup section */

/* Begin PBXNativeTarget section */
		8350D00B1CE4153A0087B1C5 /* ChinachuViewer */ = {
			isa = PBXNativeTarget;
			buildConfigurationList = 8350D0361CE4153A0087B1C5 /* Build configuration list for PBXNativeTarget "ChinachuViewer" */;
			buildPhases = (
				8350D0081CE4153A0087B1C5 /* Sources */,
				8350D0091CE4153A0087B1C5 /* Frameworks */,
				8350D00A1CE4153A0087B1C5 /* Resources */,
				83E26C201CE56BE400C9FBED /* ShellScript */,
			);
			buildRules = (
			);
			dependencies = (
			);
			name = ChinachuViewer;
			productName = ChinachuViewer;
			productReference = 8350D00C1CE4153A0087B1C5 /* ChinachuViewer.app */;
			productType = "com.apple.product-type.application";
		};
		8350D0211CE4153A0087B1C5 /* ChinachuViewerTests */ = {
			isa = PBXNativeTarget;
			buildConfigurationList = 8350D0391CE4153A0087B1C5 /* Build configuration list for PBXNativeTarget "ChinachuViewerTests" */;
			buildPhases = (
				8350D01E1CE4153A0087B1C5 /* Sources */,
				8350D01F1CE4153A0087B1C5 /* Frameworks */,
				8350D0201CE4153A0087B1C5 /* Resources */,
			);
			buildRules = (
			);
			dependencies = (
				8350D0241CE4153A0087B1C5 /* PBXTargetDependency */,
			);
			name = ChinachuViewerTests;
			productName = ChinachuViewerTests;
			productReference = 8350D0221CE4153A0087B1C5 /* ChinachuViewerTests.xctest */;
			productType = "com.apple.product-type.bundle.unit-test";
		};
		8350D02C1CE4153A0087B1C5 /* ChinachuViewerUITests */ = {
			isa = PBXNativeTarget;
			buildConfigurationList = 8350D03C1CE4153A0087B1C5 /* Build configuration list for PBXNativeTarget "ChinachuViewerUITests" */;
			buildPhases = (
				8350D0291CE4153A0087B1C5 /* Sources */,
				8350D02A1CE4153A0087B1C5 /* Frameworks */,
				8350D02B1CE4153A0087B1C5 /* Resources */,
			);
			buildRules = (
			);
			dependencies = (
				8350D02F1CE4153A0087B1C5 /* PBXTargetDependency */,
			);
			name = ChinachuViewerUITests;
			productName = ChinachuViewerUITests;
			productReference = 8350D02D1CE4153A0087B1C5 /* ChinachuViewerUITests.xctest */;
			productType = "com.apple.product-type.bundle.ui-testing";
		};
/* End PBXNativeTarget section */

/* Begin PBXProject section */
		8350D0041CE4153A0087B1C5 /* Project object */ = {
			isa = PBXProject;
			attributes = {
				LastSwiftUpdateCheck = 0730;
				LastUpgradeCheck = 0730;
				ORGANIZATIONNAME = "松石 浩輔";
				TargetAttributes = {
					8350D00B1CE4153A0087B1C5 = {
						CreatedOnToolsVersion = 7.3.1;
					};
					8350D0211CE4153A0087B1C5 = {
						CreatedOnToolsVersion = 7.3.1;
						TestTargetID = 8350D00B1CE4153A0087B1C5;
					};
					8350D02C1CE4153A0087B1C5 = {
						CreatedOnToolsVersion = 7.3.1;
						TestTargetID = 8350D00B1CE4153A0087B1C5;
					};
				};
			};
			buildConfigurationList = 8350D0071CE4153A0087B1C5 /* Build configuration list for PBXProject "ChinachuViewer" */;
			compatibilityVersion = "Xcode 3.2";
			developmentRegion = English;
			hasScannedForEncodings = 0;
			knownRegions = (
				en,
				Base,
			);
			mainGroup = 8350D0031CE4153A0087B1C5;
			productRefGroup = 8350D00D1CE4153A0087B1C5 /* Products */;
			projectDirPath = "";
			projectRoot = "";
			targets = (
				8350D00B1CE4153A0087B1C5 /* ChinachuViewer */,
				8350D0211CE4153A0087B1C5 /* ChinachuViewerTests */,
				8350D02C1CE4153A0087B1C5 /* ChinachuViewerUITests */,
			);
		};
/* End PBXProject section */

/* Begin PBXResourcesBuildPhase section */
		8350D00A1CE4153A0087B1C5 /* Resources */ = {
			isa = PBXResourcesBuildPhase;
			buildActionMask = 2147483647;
			files = (
				8350D01C1CE4153A0087B1C5 /* LaunchScreen.storyboard in Resources */,
				8350D0191CE4153A0087B1C5 /* Assets.xcassets in Resources */,
				8350D0171CE4153A0087B1C5 /* Main.storyboard in Resources */,
			);
			runOnlyForDeploymentPostprocessing = 0;
		};
		8350D0201CE4153A0087B1C5 /* Resources */ = {
			isa = PBXResourcesBuildPhase;
			buildActionMask = 2147483647;
			files = (
			);
			runOnlyForDeploymentPostprocessing = 0;
		};
		8350D02B1CE4153A0087B1C5 /* Resources */ = {
			isa = PBXResourcesBuildPhase;
			buildActionMask = 2147483647;
			files = (
			);
			runOnlyForDeploymentPostprocessing = 0;
		};
/* End PBXResourcesBuildPhase section */

/* Begin PBXShellScriptBuildPhase section */
		83E26C201CE56BE400C9FBED /* ShellScript */ = {
			isa = PBXShellScriptBuildPhase;
			buildActionMask = 2147483647;
			files = (
			);
			inputPaths = (
				"$(SRCROOT)/Carthage/Build/iOS/Alamofire.framework",
				"$(SRCROOT)/Carthage/Build/iOS/mapper.framework",
				"$(SRCROOT)/Carthage/Build/iOS/SwiftyJSON.framework",
			);
			outputPaths = (
			);
			runOnlyForDeploymentPostprocessing = 0;
			shellPath = /bin/sh;
			shellScript = "/usr/local/bin/carthage copy-frameworks\n";
		};
/* End PBXShellScriptBuildPhase section */

/* Begin PBXSourcesBuildPhase section */
		8350D0081CE4153A0087B1C5 /* Sources */ = {
			isa = PBXSourcesBuildPhase;
			buildActionMask = 2147483647;
			files = (
				83A04BA01CE9E15700C79BE7 /* Recorded.swift in Sources */,
				8377485C1CE95993007BC92F /* RecordedSession.swift in Sources */,
				8350D0141CE4153A0087B1C5 /* ReservedViewController.swift in Sources */,
				8350D0101CE4153A0087B1C5 /* AppDelegate.swift in Sources */,
				837F8E521CEEA56B00548472 /* RecordedDetailViewController.swift in Sources */,
				8350D0121CE4153A0087B1C5 /* RecordedViewController.swift in Sources */,
				83B703E01CEBFA800015FE41 /* RecordedManager.swift in Sources */,
			);
			runOnlyForDeploymentPostprocessing = 0;
		};
		8350D01E1CE4153A0087B1C5 /* Sources */ = {
			isa = PBXSourcesBuildPhase;
			buildActionMask = 2147483647;
			files = (
				8350D0271CE4153A0087B1C5 /* ChinachuViewerTests.swift in Sources */,
			);
			runOnlyForDeploymentPostprocessing = 0;
		};
		8350D0291CE4153A0087B1C5 /* Sources */ = {
			isa = PBXSourcesBuildPhase;
			buildActionMask = 2147483647;
			files = (
				8350D0321CE4153A0087B1C5 /* ChinachuViewerUITests.swift in Sources */,
			);
			runOnlyForDeploymentPostprocessing = 0;
		};
/* End PBXSourcesBuildPhase section */

/* Begin PBXTargetDependency section */
		8350D0241CE4153A0087B1C5 /* PBXTargetDependency */ = {
			isa = PBXTargetDependency;
			target = 8350D00B1CE4153A0087B1C5 /* ChinachuViewer */;
			targetProxy = 8350D0231CE4153A0087B1C5 /* PBXContainerItemProxy */;
		};
		8350D02F1CE4153A0087B1C5 /* PBXTargetDependency */ = {
			isa = PBXTargetDependency;
			target = 8350D00B1CE4153A0087B1C5 /* ChinachuViewer */;
			targetProxy = 8350D02E1CE4153A0087B1C5 /* PBXContainerItemProxy */;
		};
/* End PBXTargetDependency section */

/* Begin PBXVariantGroup section */
		8350D0151CE4153A0087B1C5 /* Main.storyboard */ = {
			isa = PBXVariantGroup;
			children = (
				8350D0161CE4153A0087B1C5 /* Base */,
			);
			name = Main.storyboard;
			sourceTree = "<group>";
		};
		8350D01A1CE4153A0087B1C5 /* LaunchScreen.storyboard */ = {
			isa = PBXVariantGroup;
			children = (
				8350D01B1CE4153A0087B1C5 /* Base */,
			);
			name = LaunchScreen.storyboard;
			sourceTree = "<group>";
		};
/* End PBXVariantGroup section */

/* Begin XCBuildConfiguration section */
		8350D0341CE4153A0087B1C5 /* Debug */ = {
			isa = XCBuildConfiguration;
			buildSettings = {
				ALWAYS_SEARCH_USER_PATHS = NO;
				CLANG_ANALYZER_NONNULL = YES;
				CLANG_CXX_LANGUAGE_STANDARD = "gnu++0x";
				CLANG_CXX_LIBRARY = "libc++";
				CLANG_ENABLE_MODULES = YES;
				CLANG_ENABLE_OBJC_ARC = YES;
				CLANG_WARN_BOOL_CONVERSION = YES;
				CLANG_WARN_CONSTANT_CONVERSION = YES;
				CLANG_WARN_DIRECT_OBJC_ISA_USAGE = YES_ERROR;
				CLANG_WARN_EMPTY_BODY = YES;
				CLANG_WARN_ENUM_CONVERSION = YES;
				CLANG_WARN_INT_CONVERSION = YES;
				CLANG_WARN_OBJC_ROOT_CLASS = YES_ERROR;
				CLANG_WARN_UNREACHABLE_CODE = YES;
				CLANG_WARN__DUPLICATE_METHOD_MATCH = YES;
				"CODE_SIGN_IDENTITY[sdk=iphoneos*]" = "iPhone Developer";
				COPY_PHASE_STRIP = NO;
				DEBUG_INFORMATION_FORMAT = dwarf;
				ENABLE_STRICT_OBJC_MSGSEND = YES;
				ENABLE_TESTABILITY = YES;
				GCC_C_LANGUAGE_STANDARD = gnu99;
				GCC_DYNAMIC_NO_PIC = NO;
				GCC_NO_COMMON_BLOCKS = YES;
				GCC_OPTIMIZATION_LEVEL = 0;
				GCC_PREPROCESSOR_DEFINITIONS = (
					"DEBUG=1",
					"$(inherited)",
				);
				GCC_WARN_64_TO_32_BIT_CONVERSION = YES;
				GCC_WARN_ABOUT_RETURN_TYPE = YES_ERROR;
				GCC_WARN_UNDECLARED_SELECTOR = YES;
				GCC_WARN_UNINITIALIZED_AUTOS = YES_AGGRESSIVE;
				GCC_WARN_UNUSED_FUNCTION = YES;
				GCC_WARN_UNUSED_VARIABLE = YES;
				IPHONEOS_DEPLOYMENT_TARGET = 9.3;
				MTL_ENABLE_DEBUG_INFO = YES;
				ONLY_ACTIVE_ARCH = YES;
				SDKROOT = iphoneos;
				SWIFT_OPTIMIZATION_LEVEL = "-Onone";
				TARGETED_DEVICE_FAMILY = "1,2";
			};
			name = Debug;
		};
		8350D0351CE4153A0087B1C5 /* Release */ = {
			isa = XCBuildConfiguration;
			buildSettings = {
				ALWAYS_SEARCH_USER_PATHS = NO;
				CLANG_ANALYZER_NONNULL = YES;
				CLANG_CXX_LANGUAGE_STANDARD = "gnu++0x";
				CLANG_CXX_LIBRARY = "libc++";
				CLANG_ENABLE_MODULES = YES;
				CLANG_ENABLE_OBJC_ARC = YES;
				CLANG_WARN_BOOL_CONVERSION = YES;
				CLANG_WARN_CONSTANT_CONVERSION = YES;
				CLANG_WARN_DIRECT_OBJC_ISA_USAGE = YES_ERROR;
				CLANG_WARN_EMPTY_BODY = YES;
				CLANG_WARN_ENUM_CONVERSION = YES;
				CLANG_WARN_INT_CONVERSION = YES;
				CLANG_WARN_OBJC_ROOT_CLASS = YES_ERROR;
				CLANG_WARN_UNREACHABLE_CODE = YES;
				CLANG_WARN__DUPLICATE_METHOD_MATCH = YES;
				"CODE_SIGN_IDENTITY[sdk=iphoneos*]" = "iPhone Developer";
				COPY_PHASE_STRIP = NO;
				DEBUG_INFORMATION_FORMAT = "dwarf-with-dsym";
				ENABLE_NS_ASSERTIONS = NO;
				ENABLE_STRICT_OBJC_MSGSEND = YES;
				GCC_C_LANGUAGE_STANDARD = gnu99;
				GCC_NO_COMMON_BLOCKS = YES;
				GCC_WARN_64_TO_32_BIT_CONVERSION = YES;
				GCC_WARN_ABOUT_RETURN_TYPE = YES_ERROR;
				GCC_WARN_UNDECLARED_SELECTOR = YES;
				GCC_WARN_UNINITIALIZED_AUTOS = YES_AGGRESSIVE;
				GCC_WARN_UNUSED_FUNCTION = YES;
				GCC_WARN_UNUSED_VARIABLE = YES;
				IPHONEOS_DEPLOYMENT_TARGET = 9.3;
				MTL_ENABLE_DEBUG_INFO = NO;
				SDKROOT = iphoneos;
				TARGETED_DEVICE_FAMILY = "1,2";
				VALIDATE_PRODUCT = YES;
			};
			name = Release;
		};
		8350D0371CE4153A0087B1C5 /* Debug */ = {
			isa = XCBuildConfiguration;
			buildSettings = {
				ASSETCATALOG_COMPILER_APPICON_NAME = AppIcon;
				FRAMEWORK_SEARCH_PATHS = (
					"$(inherited)",
					"$(PROJECT_DIR)/Carthage/Build/iOS",
				);
				INFOPLIST_FILE = ChinachuViewer/Info.plist;
				LD_RUNPATH_SEARCH_PATHS = "$(inherited) @executable_path/Frameworks";
				PRODUCT_BUNDLE_IDENTIFIER = tk.sobataro.ChinachuViewer;
				PRODUCT_NAME = "$(TARGET_NAME)";
			};
			name = Debug;
		};
		8350D0381CE4153A0087B1C5 /* Release */ = {
			isa = XCBuildConfiguration;
			buildSettings = {
				ASSETCATALOG_COMPILER_APPICON_NAME = AppIcon;
				FRAMEWORK_SEARCH_PATHS = (
					"$(inherited)",
					"$(PROJECT_DIR)/Carthage/Build/iOS",
				);
				INFOPLIST_FILE = ChinachuViewer/Info.plist;
				LD_RUNPATH_SEARCH_PATHS = "$(inherited) @executable_path/Frameworks";
				PRODUCT_BUNDLE_IDENTIFIER = tk.sobataro.ChinachuViewer;
				PRODUCT_NAME = "$(TARGET_NAME)";
			};
			name = Release;
		};
		8350D03A1CE4153A0087B1C5 /* Debug */ = {
			isa = XCBuildConfiguration;
			buildSettings = {
				BUNDLE_LOADER = "$(TEST_HOST)";
				INFOPLIST_FILE = ChinachuViewerTests/Info.plist;
				LD_RUNPATH_SEARCH_PATHS = "$(inherited) @executable_path/Frameworks @loader_path/Frameworks";
				PRODUCT_BUNDLE_IDENTIFIER = tk.sobataro.ChinachuViewerTests;
				PRODUCT_NAME = "$(TARGET_NAME)";
				TEST_HOST = "$(BUILT_PRODUCTS_DIR)/ChinachuViewer.app/ChinachuViewer";
			};
			name = Debug;
		};
		8350D03B1CE4153A0087B1C5 /* Release */ = {
			isa = XCBuildConfiguration;
			buildSettings = {
				BUNDLE_LOADER = "$(TEST_HOST)";
				INFOPLIST_FILE = ChinachuViewerTests/Info.plist;
				LD_RUNPATH_SEARCH_PATHS = "$(inherited) @executable_path/Frameworks @loader_path/Frameworks";
				PRODUCT_BUNDLE_IDENTIFIER = tk.sobataro.ChinachuViewerTests;
				PRODUCT_NAME = "$(TARGET_NAME)";
				TEST_HOST = "$(BUILT_PRODUCTS_DIR)/ChinachuViewer.app/ChinachuViewer";
			};
			name = Release;
		};
		8350D03D1CE4153A0087B1C5 /* Debug */ = {
			isa = XCBuildConfiguration;
			buildSettings = {
				INFOPLIST_FILE = ChinachuViewerUITests/Info.plist;
				LD_RUNPATH_SEARCH_PATHS = "$(inherited) @executable_path/Frameworks @loader_path/Frameworks";
				PRODUCT_BUNDLE_IDENTIFIER = tk.sobataro.ChinachuViewerUITests;
				PRODUCT_NAME = "$(TARGET_NAME)";
				TEST_TARGET_NAME = ChinachuViewer;
			};
			name = Debug;
		};
		8350D03E1CE4153A0087B1C5 /* Release */ = {
			isa = XCBuildConfiguration;
			buildSettings = {
				INFOPLIST_FILE = ChinachuViewerUITests/Info.plist;
				LD_RUNPATH_SEARCH_PATHS = "$(inherited) @executable_path/Frameworks @loader_path/Frameworks";
				PRODUCT_BUNDLE_IDENTIFIER = tk.sobataro.ChinachuViewerUITests;
				PRODUCT_NAME = "$(TARGET_NAME)";
				TEST_TARGET_NAME = ChinachuViewer;
			};
			name = Release;
		};
/* End XCBuildConfiguration section */

/* Begin XCConfigurationList section */
		8350D0071CE4153A0087B1C5 /* Build configuration list for PBXProject "ChinachuViewer" */ = {
			isa = XCConfigurationList;
			buildConfigurations = (
				8350D0341CE4153A0087B1C5 /* Debug */,
				8350D0351CE4153A0087B1C5 /* Release */,
			);
			defaultConfigurationIsVisible = 0;
			defaultConfigurationName = Release;
		};
		8350D0361CE4153A0087B1C5 /* Build configuration list for PBXNativeTarget "ChinachuViewer" */ = {
			isa = XCConfigurationList;
			buildConfigurations = (
				8350D0371CE4153A0087B1C5 /* Debug */,
				8350D0381CE4153A0087B1C5 /* Release */,
			);
			defaultConfigurationIsVisible = 0;
			defaultConfigurationName = Release;
		};
		8350D0391CE4153A0087B1C5 /* Build configuration list for PBXNativeTarget "ChinachuViewerTests" */ = {
			isa = XCConfigurationList;
			buildConfigurations = (
				8350D03A1CE4153A0087B1C5 /* Debug */,
				8350D03B1CE4153A0087B1C5 /* Release */,
			);
			defaultConfigurationIsVisible = 0;
			defaultConfigurationName = Release;
		};
		8350D03C1CE4153A0087B1C5 /* Build configuration list for PBXNativeTarget "ChinachuViewerUITests" */ = {
			isa = XCConfigurationList;
			buildConfigurations = (
				8350D03D1CE4153A0087B1C5 /* Debug */,
				8350D03E1CE4153A0087B1C5 /* Release */,
			);
			defaultConfigurationIsVisible = 0;
			defaultConfigurationName = Release;
		};
/* End XCConfigurationList section */
	};
	rootObject = 8350D0041CE4153A0087B1C5 /* Project object */;
}
